
Microsoft Visual Studio Solution File, Format Version 12.00
# Visual Studio Version 17
VisualStudioVersion = 17.5.002.0
MinimumVisualStudioVersion = 10.0.40219.1
Project("{9A19103F-16F7-4668-BE54-9A1E7A4F7556}") = "EJERCICIO3", "EJERCICIO3\EJERCICIO3.csproj", "{AFA2CCBE-F59F-423E-ACC8-4054CE8CF2EB}"
EndProject
Project("{9A19103F-16F7-4668-BE54-9A1E7A4F7556}") = "Primer_Aplicacion", "Primer_Aplicacion\Primer_Aplicacion.csproj", "{0A24610E-21FD-4ADC-BD4F-C031C16AE157}"
EndProject
Project("{9A19103F-16F7-4668-BE54-9A1E7A4F7556}") = "prueba", "prueba\prueba.csproj", "{AE796D22-33B5-443E-B775-0A58BED5E50D}"
EndProject
Global
	GlobalSection(SolutionConfigurationPlatforms) = preSolution
		Debug|Any CPU = Debug|Any CPU
		Release|Any CPU = Release|Any CPU
	EndGlobalSection
	GlobalSection(ProjectConfigurationPlatforms) = postSolution
		{AFA2CCBE-F59F-423E-ACC8-4054CE8CF2EB}.Debug|Any CPU.ActiveCfg = Debug|Any CPU
		{AFA2CCBE-F59F-423E-ACC8-4054CE8CF2EB}.Debug|Any CPU.Build.0 = Debug|Any CPU
		{AFA2CCBE-F59F-423E-ACC8-4054CE8CF2EB}.Release|Any CPU.ActiveCfg = Release|Any CPU
		{AFA2CCBE-F59F-423E-ACC8-4054CE8CF2EB}.Release|Any CPU.Build.0 = Release|Any CPU
		{0A24610E-21FD-4ADC-BD4F-C031C16AE157}.Debug|Any CPU.ActiveCfg = Debug|Any CPU
		{0A24610E-21FD-4ADC-BD4F-C031C16AE157}.Debug|Any CPU.Build.0 = Debug|Any CPU
		{0A24610E-21FD-4ADC-BD4F-C031C16AE157}.Release|Any CPU.ActiveCfg = Release|Any CPU
		{0A24610E-21FD-4ADC-BD4F-C031C16AE157}.Release|Any CPU.Build.0 = Release|Any CPU
		{AE796D22-33B5-443E-B775-0A58BED5E50D}.Debug|Any CPU.ActiveCfg = Debug|Any CPU
		{AE796D22-33B5-443E-B775-0A58BED5E50D}.Debug|Any CPU.Build.0 = Debug|Any CPU
		{AE796D22-33B5-443E-B775-0A58BED5E50D}.Release|Any CPU.ActiveCfg = Release|Any CPU
		{AE796D22-33B5-443E-B775-0A58BED5E50D}.Release|Any CPU.Build.0 = Release|Any CPU
	EndGlobalSection
	GlobalSection(SolutionProperties) = preSolution
		HideSolutionNode = FALSE
	EndGlobalSection
	GlobalSection(ExtensibilityGlobals) = postSolution
		SolutionGuid = {ACE45B4F-4B17-4260-BF96-D2D4D40ED637}
	EndGlobalSection
EndGlobal
